
Microsoft Visual Studio Solution File, Format Version 12.00
# Visual Studio Version 17
VisualStudioVersion = 17.4.33213.308
MinimumVisualStudioVersion = 10.0.40219.1
Project("{FAE04EC0-301F-11D3-BF4B-00C04F79EFBC}") = "MinimalAPICarro", "MinimalAPICarro\MinimalAPICarro.csproj", "{3C169CCE-DB30-4E80-B2BC-FEB16E739FCD}"
EndProject
Global
	GlobalSection(SolutionConfigurationPlatforms) = preSolution
		Debug|Any CPU = Debug|Any CPU
		Release|Any CPU = Release|Any CPU
	EndGlobalSection
	GlobalSection(ProjectConfigurationPlatforms) = postSolution
		{3C169CCE-DB30-4E80-B2BC-FEB16E739FCD}.Debug|Any CPU.ActiveCfg = Debug|Any CPU
		{3C169CCE-DB30-4E80-B2BC-FEB16E739FCD}.Debug|Any CPU.Build.0 = Debug|Any CPU
		{3C169CCE-DB30-4E80-B2BC-FEB16E739FCD}.Release|Any CPU.ActiveCfg = Release|Any CPU
		{3C169CCE-DB30-4E80-B2BC-FEB16E739FCD}.Release|Any CPU.Build.0 = Release|Any CPU
	EndGlobalSection
	GlobalSection(SolutionProperties) = preSolution
		HideSolutionNode = FALSE
	EndGlobalSection
	GlobalSection(ExtensibilityGlobals) = postSolution
		SolutionGuid = {EAA1067D-3ED0-400D-B35C-1BC6486323E5}
	EndGlobalSection
EndGlobal
